
Microsoft Visual Studio Solution File, Format Version 12.00
# Visual Studio Version 17
VisualStudioVersion = 17.9.34723.18
MinimumVisualStudioVersion = 10.0.40219.1
Project("{FAE04EC0-301F-11D3-BF4B-00C04F79EFBC}") = "Prog120_S24_L5_Condition", "Prog120_S24_L5_Condition.csproj", "{5C5C2F04-46F5-47A6-96EB-E9846CCE8BEE}"
EndProject
Global
	GlobalSection(SolutionConfigurationPlatforms) = preSolution
		Debug|Any CPU = Debug|Any CPU
		Release|Any CPU = Release|Any CPU
	EndGlobalSection
	GlobalSection(ProjectConfigurationPlatforms) = postSolution
		{5C5C2F04-46F5-47A6-96EB-E9846CCE8BEE}.Debug|Any CPU.ActiveCfg = Debug|Any CPU
		{5C5C2F04-46F5-47A6-96EB-E9846CCE8BEE}.Debug|Any CPU.Build.0 = Debug|Any CPU
		{5C5C2F04-46F5-47A6-96EB-E9846CCE8BEE}.Release|Any CPU.ActiveCfg = Release|Any CPU
		{5C5C2F04-46F5-47A6-96EB-E9846CCE8BEE}.Release|Any CPU.Build.0 = Release|Any CPU
	EndGlobalSection
	GlobalSection(SolutionProperties) = preSolution
		HideSolutionNode = FALSE
	EndGlobalSection
	GlobalSection(ExtensibilityGlobals) = postSolution
		SolutionGuid = {4016E69B-C93E-4459-BCC6-1B90DD6AA00A}
	EndGlobalSection
EndGlobal
